Microsoft Visual Studio Solution File, Format Version 12.00
# Visual Studio Version 17
VisualStudioVersion = 17.5.2.0
MinimumVisualStudioVersion = 10.0.40219.1
Project("{2150E333-8FDC-42A3-9474-1A3956D46DE8}") = "Digital-Nurture-Solutions", "Digital-Nurture-Solutions", "{F89D1C45-295D-0D97-5BBB-7BD2DD86FB5D}"
EndProject
Project("{2150E333-8FDC-42A3-9474-1A3956D46DE8}") = "DPP", "DPP", "{56B84EE4-5125-745B-1884-F269BE6443CB}"
EndProject
Project("{FAE04EC0-301F-11D3-BF4B-00C04F79EFBC}") = "InventorySystem", "Digital-Nurture-Solutions\DPP\InventorySystem\InventorySystem.csproj", "{90B1616A-2786-CE64-C38D-923A73C7A7F4}"
EndProject
Global
	GlobalSection(SolutionConfigurationPlatforms) = preSolution
		Debug|Any CPU = Debug|Any CPU
		Release|Any CPU = Release|Any CPU
	EndGlobalSection
	GlobalSection(ProjectConfigurationPlatforms) = postSolution
		{90B1616A-2786-CE64-C38D-923A73C7A7F4}.Debug|Any CPU.ActiveCfg = Debug|Any CPU
		{90B1616A-2786-CE64-C38D-923A73C7A7F4}.Debug|Any CPU.Build.0 = Debug|Any CPU
		{90B1616A-2786-CE64-C38D-923A73C7A7F4}.Release|Any CPU.ActiveCfg = Release|Any CPU
		{90B1616A-2786-CE64-C38D-923A73C7A7F4}.Release|Any CPU.Build.0 = Release|Any CPU
	EndGlobalSection
	GlobalSection(SolutionProperties) = preSolution
		HideSolutionNode = FALSE
	EndGlobalSection
	GlobalSection(NestedProjects) = preSolution
		{56B84EE4-5125-745B-1884-F269BE6443CB} = {F89D1C45-295D-0D97-5BBB-7BD2DD86FB5D}
		{90B1616A-2786-CE64-C38D-923A73C7A7F4} = {56B84EE4-5125-745B-1884-F269BE6443CB}
	EndGlobalSection
	GlobalSection(ExtensibilityGlobals) = postSolution
		SolutionGuid = {C8C1B22E-40BE-4144-B28F-476F164097B9}
	EndGlobalSection
EndGlobal
