
Microsoft Visual Studio Solution File, Format Version 12.00
# Visual Studio Version 17
VisualStudioVersion = 17.14.36221.1 d17.14
MinimumVisualStudioVersion = 10.0.40219.1
Project("{FAE04EC0-301F-11D3-BF4B-00C04F79EFBC}") = "JwtAuthMicroservice", "JwtAuthMicroservice.csproj", "{8DE6FB61-D9AB-4A56-B209-AD2A14A79C8D}"
EndProject
Global
	GlobalSection(SolutionConfigurationPlatforms) = preSolution
		Debug|Any CPU = Debug|Any CPU
		Release|Any CPU = Release|Any CPU
	EndGlobalSection
	GlobalSection(ProjectConfigurationPlatforms) = postSolution
		{8DE6FB61-D9AB-4A56-B209-AD2A14A79C8D}.Debug|Any CPU.ActiveCfg = Debug|Any CPU
		{8DE6FB61-D9AB-4A56-B209-AD2A14A79C8D}.Debug|Any CPU.Build.0 = Debug|Any CPU
		{8DE6FB61-D9AB-4A56-B209-AD2A14A79C8D}.Release|Any CPU.ActiveCfg = Release|Any CPU
		{8DE6FB61-D9AB-4A56-B209-AD2A14A79C8D}.Release|Any CPU.Build.0 = Release|Any CPU
	EndGlobalSection
	GlobalSection(SolutionProperties) = preSolution
		HideSolutionNode = FALSE
	EndGlobalSection
	GlobalSection(ExtensibilityGlobals) = postSolution
		SolutionGuid = {E16267CC-E93D-4346-BC16-80B241FC6069}
	EndGlobalSection
EndGlobal
